
Microsoft Visual Studio Solution File, Format Version 12.00
# Visual Studio Version 16
VisualStudioVersion = 16.0.32413.511
MinimumVisualStudioVersion = 10.0.40219.1
Project("{FAE04EC0-301F-11D3-BF4B-00C04F79EFBC}") = "AkademineADS", "AkademineADS\AkademineADS.csproj", "{0B7EFAF8-19A8-44A6-B6FE-1E6314F33F9A}"
EndProject
Global
	GlobalSection(SolutionConfigurationPlatforms) = preSolution
		Debug|Any CPU = Debug|Any CPU
		Release|Any CPU = Release|Any CPU
	EndGlobalSection
	GlobalSection(ProjectConfigurationPlatforms) = postSolution
		{0B7EFAF8-19A8-44A6-B6FE-1E6314F33F9A}.Debug|Any CPU.ActiveCfg = Debug|Any CPU
		{0B7EFAF8-19A8-44A6-B6FE-1E6314F33F9A}.Debug|Any CPU.Build.0 = Debug|Any CPU
		{0B7EFAF8-19A8-44A6-B6FE-1E6314F33F9A}.Release|Any CPU.ActiveCfg = Release|Any CPU
		{0B7EFAF8-19A8-44A6-B6FE-1E6314F33F9A}.Release|Any CPU.Build.0 = Release|Any CPU
	EndGlobalSection
	GlobalSection(SolutionProperties) = preSolution
		HideSolutionNode = FALSE
	EndGlobalSection
	GlobalSection(ExtensibilityGlobals) = postSolution
		SolutionGuid = {28831EE1-1854-48A6-9B22-34F95389B0B9}
	EndGlobalSection
EndGlobal
